{
  "name": "@toptensoftware/jsdoc",
  "version": "0.0.1",
  "lockfileVersion": 3,
  "requires": true,
  "packages": {
    "": {
      "name": "@toptensoftware/jsdoc",
      "version": "0.0.1",
      "license": "Apache-2.0",
      "dependencies": {
        "@toptensoftware/strangle": "github:toptensoftware/strangle",
        "@toptensoftware/unindent": "github:toptensoftware/unindent"
      }
    },
    "node_modules/@toptensoftware/strangle": {
      "version": "0.0.1",
      "resolved": "git+ssh://git@github.com/toptensoftware/strangle.git#bb9564083b358194d7665d291c11f8ccaf2d0cea",
      "license": "Apache-2.0"
    },
    "node_modules/@toptensoftware/unindent": {
      "version": "0.0.1",
      "resolved": "git+ssh://git@github.com/toptensoftware/unindent.git#febc74dd39f3febab106c0b3674207941188a729",
      "license": "Apache-2.0"
    }
  }
}
